# This file was autogenerated by uv via the following command:
#    uv pip compile pyproject.toml -o uv.lock
aerich==0.9.1
    # via yemen-jobs-rss (pyproject.toml)
aiohappyeyeballs==2.6.1
    # via aiohttp
aiohttp==3.12.15
    # via yemen-jobs-rss (pyproject.toml)
aiosignal==1.4.0
    # via aiohttp
aiosqlite==0.21.0
    # via tortoise-orm
annotated-types==0.7.0
    # via pydantic
apscheduler==3.11.0
    # via yemen-jobs-rss (pyproject.toml)
asyncclick==8.2.2.2
    # via aerich
attrs==25.3.0
    # via aiohttp
colorlog==6.9.0
    # via yemen-jobs-rss (pyproject.toml)
dictdiffer==0.9.0
    # via aerich
frozenlist==1.7.0
    # via
    #   aiohttp
    #   aiosignal
idna==3.10
    # via yarl
iso8601==2.1.0
    # via tortoise-orm
multidict==6.6.4
    # via
    #   aiohttp
    #   yarl
propcache==0.3.2
    # via
    #   aiohttp
    #   yarl
pyaes==1.6.1
    # via telethon
pyasn1==0.6.1
    # via rsa
pydantic==2.11.7
    # via aerich
pydantic-core==2.33.2
    # via pydantic
pypika-tortoise==0.6.2
    # via tortoise-orm
python-dotenv==1.1.1
    # via yemen-jobs-rss (pyproject.toml)
python-socks==2.7.2
    # via yemen-jobs-rss (pyproject.toml)
pytz==2025.2
    # via tortoise-orm
rsa==4.9.1
    # via telethon
telethon==1.41.2
    # via yemen-jobs-rss (pyproject.toml)
tortoise-orm==0.25.1
    # via
    #   yemen-jobs-rss (pyproject.toml)
    #   aerich
typing-extensions==4.15.0
    # via
    #   yemen-jobs-rss (pyproject.toml)
    #   aiosignal
    #   aiosqlite
    #   pydantic
    #   pydantic-core
    #   typing-inspection
typing-inspection==0.4.1
    # via pydantic
tzlocal==5.3.1
    # via apscheduler
yarl==1.20.1
    # via
    #   yemen-jobs-rss (pyproject.toml)
    #   aiohttp
